Microsoft Visual Studio Solution File, Format Version 12.00
# Visual Studio Version 17
VisualStudioVersion = 17.5.2.0
MinimumVisualStudioVersion = 10.0.40219.1
Project("{FAE04EC0-301F-11D3-BF4B-00C04F79EFBC}") = "chess-engine", "chess-engine\chess-engine.csproj", "{EC5C1EE6-E8DB-7FF9-F9B4-CC6A868D9D0A}"
EndProject
Global
	GlobalSection(SolutionConfigurationPlatforms) = preSolution
		Debug|Any CPU = Debug|Any CPU
		Release|Any CPU = Release|Any CPU
	EndGlobalSection
	GlobalSection(ProjectConfigurationPlatforms) = postSolution
		{EC5C1EE6-E8DB-7FF9-F9B4-CC6A868D9D0A}.Debug|Any CPU.ActiveCfg = Debug|Any CPU
		{EC5C1EE6-E8DB-7FF9-F9B4-CC6A868D9D0A}.Debug|Any CPU.Build.0 = Debug|Any CPU
		{EC5C1EE6-E8DB-7FF9-F9B4-CC6A868D9D0A}.Release|Any CPU.ActiveCfg = Release|Any CPU
		{EC5C1EE6-E8DB-7FF9-F9B4-CC6A868D9D0A}.Release|Any CPU.Build.0 = Release|Any CPU
	EndGlobalSection
	GlobalSection(SolutionProperties) = preSolution
		HideSolutionNode = FALSE
	EndGlobalSection
	GlobalSection(ExtensibilityGlobals) = postSolution
		SolutionGuid = {F21ACC5F-FE30-4AC0-ACD2-536A8666845B}
	EndGlobalSection
EndGlobal
